<?xml version="1.0" encoding="utf-8"?>
<Project ToolsVersion="4.0" xmlns="http://schemas.microsoft.com/developer/msbuild/2003">
  <ItemGroup>
    <Filter Include="소스 파일">
      <UniqueIdentifier>{4FC737F1-C7A5-4376-A066-2A32D752A2FF}</UniqueIdentifier>
      <Extensions>cpp;c;cc;cxx;c++;cppm;ixx;def;odl;idl;hpj;bat;asm;asmx</Extensions>
    </Filter>
    <Filter Include="헤더 파일">
      <UniqueIdentifier>{93995380-89BD-4b04-88EB-625FBE52EBFB}</UniqueIdentifier>
      <Extensions>h;hh;hpp;hxx;h++;hm;inl;inc;ipp;xsd</Extensions>
    </Filter>
    <Filter Include="리소스 파일">
      <UniqueIdentifier>{67DA6AB6-F800-4c08-8B7A-83BB121AAD01}</UniqueIdentifier>
      <Extensions>rc;ico;cur;bmp;dlg;rc2;rct;bin;rgs;gif;jpg;jpeg;jpe;resx;tiff;tif;png;wav;mfcribbon-ms</Extensions>
    </Filter>
  </ItemGroup>
  <ItemGroup>
    <ClCompile Include="Cpp_01_Basic.cpp">
      <Filter>소스 파일</Filter>
    </ClCompile>
    <ClCompile Include="Cpp_02_Types.cpp">
      <Filter>소스 파일</Filter>
    </ClCompile>
    <ClCompile Include="Cpp_03_if_for.cpp">
      <Filter>소스 파일</Filter>
    </ClCompile>
    <ClCompile Include="Cpp_04_array.cpp">
      <Filter>소스 파일</Filter>
    </ClCompile>
    <ClCompile Include="Cpp_Review01.cpp">
      <Filter>소스 파일</Filter>
    </ClCompile>
    <ClCompile Include="Cpp_Quiz_01_arr_for_pointer.cpp">
      <Filter>소스 파일</Filter>
    </ClCompile>
    <ClCompile Include="Cpp_05_function.cpp">
      <Filter>소스 파일</Filter>
    </ClCompile>
    <ClCompile Include="Cpp_05_function_ptr.cpp">
      <Filter>소스 파일</Filter>
    </ClCompile>
    <ClCompile Include="Cpp_06_Pointer.cpp">
      <Filter>소스 파일</Filter>
    </ClCompile>
    <ClCompile Include="Cpp_07_struct.cpp">
      <Filter>소스 파일</Filter>
    </ClCompile>
    <ClCompile Include="Cpp_Quiz_02_struct_sum_avg.cpp">
      <Filter>소스 파일</Filter>
    </ClCompile>
    <ClCompile Include="C:\Users\AIOT\Desktop\Cpp_Quiz_02_struct_sum_avg_solution.cpp">
      <Filter>소스 파일</Filter>
    </ClCompile>
    <ClCompile Include="Cpp_08_class.cpp">
      <Filter>소스 파일</Filter>
    </ClCompile>
    <ClCompile Include="Cpp_09_class_vs_struct.cpp">
      <Filter>소스 파일</Filter>
    </ClCompile>
    <ClCompile Include="Cpp_Quiz_03_class_calc.cpp">
      <Filter>소스 파일</Filter>
    </ClCompile>
    <ClCompile Include="Cpp_Quiz_03_class_calc_solution.cpp">
      <Filter>소스 파일</Filter>
    </ClCompile>
  </ItemGroup>
</Project>