
Microsoft Visual Studio Solution File, Format Version 12.00
# Visual Studio Version 16
VisualStudioVersion = 16.0.33529.622
MinimumVisualStudioVersion = 10.0.40219.1
Project("{8BC9CEB8-8B4A-11D0-8D11-00A0C91BC942}") = "PlatformCPPApp2", "PlatformCPPApp2\PlatformCPPApp2.vcxproj", "{424E8E9F-3B11-4F25-B26E-9114CAA280D1}"
EndProject
Global
	GlobalSection(SolutionConfigurationPlatforms) = preSolution
		Debug|x64 = Debug|x64
		Debug|x86 = Debug|x86
		Release|x64 = Release|x64
		Release|x86 = Release|x86
	EndGlobalSection
	GlobalSection(ProjectConfigurationPlatforms) = postSolution
		{424E8E9F-3B11-4F25-B26E-9114CAA280D1}.Debug|x64.ActiveCfg = Debug|x64
		{424E8E9F-3B11-4F25-B26E-9114CAA280D1}.Debug|x64.Build.0 = Debug|x64
		{424E8E9F-3B11-4F25-B26E-9114CAA280D1}.Debug|x86.ActiveCfg = Debug|Win32
		{424E8E9F-3B11-4F25-B26E-9114CAA280D1}.Debug|x86.Build.0 = Debug|Win32
		{424E8E9F-3B11-4F25-B26E-9114CAA280D1}.Release|x64.ActiveCfg = Release|x64
		{424E8E9F-3B11-4F25-B26E-9114CAA280D1}.Release|x64.Build.0 = Release|x64
		{424E8E9F-3B11-4F25-B26E-9114CAA280D1}.Release|x86.ActiveCfg = Release|Win32
		{424E8E9F-3B11-4F25-B26E-9114CAA280D1}.Release|x86.Build.0 = Release|Win32
	EndGlobalSection
	GlobalSection(SolutionProperties) = preSolution
		HideSolutionNode = FALSE
	EndGlobalSection
	GlobalSection(ExtensibilityGlobals) = postSolution
		SolutionGuid = {0B731DD7-0ABC-4738-9588-44B5D2B24AC1}
	EndGlobalSection
EndGlobal
